
Microsoft Visual Studio Solution File, Format Version 12.00
# Visual Studio Version 17
VisualStudioVersion = 17.4.33205.214
MinimumVisualStudioVersion = 10.0.40219.1
Project("{FAE04EC0-301F-11D3-BF4B-00C04F79EFBC}") = "lab7_1", "lab7_1\lab7_1.csproj", "{8E03DAF9-8CD9-452F-B7B1-1026F149E574}"
EndProject
Global
	GlobalSection(SolutionConfigurationPlatforms) = preSolution
		Debug|Any CPU = Debug|Any CPU
		Release|Any CPU = Release|Any CPU
	EndGlobalSection
	GlobalSection(ProjectConfigurationPlatforms) = postSolution
		{8E03DAF9-8CD9-452F-B7B1-1026F149E574}.Debug|Any CPU.ActiveCfg = Debug|Any CPU
		{8E03DAF9-8CD9-452F-B7B1-1026F149E574}.Debug|Any CPU.Build.0 = Debug|Any CPU
		{8E03DAF9-8CD9-452F-B7B1-1026F149E574}.Release|Any CPU.ActiveCfg = Release|Any CPU
		{8E03DAF9-8CD9-452F-B7B1-1026F149E574}.Release|Any CPU.Build.0 = Release|Any CPU
	EndGlobalSection
	GlobalSection(SolutionProperties) = preSolution
		HideSolutionNode = FALSE
	EndGlobalSection
	GlobalSection(ExtensibilityGlobals) = postSolution
		SolutionGuid = {7C5BCC3F-D852-4997-9815-ED373082805C}
	EndGlobalSection
EndGlobal
